// !$*UTF8*$!
{
	archiveVersion = 1;
	classes = {
	};
	objectVersion = 50;
	objects = {

/* Begin PBXBuildFile section */
		3187CE36244695A400FBF808 /* AppDelegate.swift in Sources */ = {isa = PBXBuildFile; fileRef = 3187CE35244695A400FBF808 /* AppDelegate.swift */; };
		3187CE38244695A400FBF808 /* SceneDelegate.swift in Sources */ = {isa = PBXBuildFile; fileRef = 3187CE37244695A400FBF808 /* SceneDelegate.swift */; };
		3187CE3A244695A400FBF808 /* SignInViewController.swift in Sources */ = {isa = PBXBuildFile; fileRef = 3187CE39244695A400FBF808 /* SignInViewController.swift */; };
		3187CE3D244695A400FBF808 /* Main.storyboard in Resources */ = {isa = PBXBuildFile; fileRef = 3187CE3B244695A400FBF808 /* Main.storyboard */; };
		3187CE3F244695A600FBF808 /* Assets.xcassets in Resources */ = {isa = PBXBuildFile; fileRef = 3187CE3E244695A600FBF808 /* Assets.xcassets */; };
		3187CE42244695A600FBF808 /* LaunchScreen.storyboard in Resources */ = {isa = PBXBuildFile; fileRef = 3187CE40244695A600FBF808 /* LaunchScreen.storyboard */; };
		3187CE4E2446C46B00FBF808 /* TextFieldGroupView.swift in Sources */ = {isa = PBXBuildFile; fileRef = 3187CE4D2446C46B00FBF808 /* TextFieldGroupView.swift */; };
		3187CE502446C4EE00FBF808 /* TextFieldGroupView.xib in Resources */ = {isa = PBXBuildFile; fileRef = 3187CE4F2446C4EE00FBF808 /* TextFieldGroupView.xib */; };
/* End PBXBuildFile section */

/* Begin PBXFileReference section */
		3187CE32244695A400FBF808 /* SampleApp20200415.app */ = {isa = PBXFileReference; explicitFileType = wrapper.application; includeInIndex = 0; path = SampleApp20200415.app; sourceTree = BUILT_PRODUCTS_DIR; };
		3187CE35244695A400FBF808 /* AppDelegate.swift */ = {isa = PBXFileReference; lastKnownFileType = sourcecode.swift; path = AppDelegate.swift; sourceTree = "<group>"; };
		3187CE37244695A400FBF808 /* SceneDelegate.swift */ = {isa = PBXFileReference; lastKnownFileType = sourcecode.swift; path = SceneDelegate.swift; sourceTree = "<group>"; };
		3187CE39244695A400FBF808 /* SignInViewController.swift */ = {isa = PBXFileReference; lastKnownFileType = sourcecode.swift; path = SignInViewController.swift; sourceTree = "<group>"; };
		3187CE3C244695A400FBF808 /* Base */ = {isa = PBXFileReference; lastKnownFileType = file.storyboard; name = Base; path = Base.lproj/Main.storyboard; sourceTree = "<group>"; };
		3187CE3E244695A600FBF808 /* Assets.xcassets */ = {isa = PBXFileReference; lastKnownFileType = folder.assetcatalog; path = Assets.xcassets; sourceTree = "<group>"; };
		3187CE41244695A600FBF808 /* Base */ = {isa = PBXFileReference; lastKnownFileType = file.storyboard; name = Base; path = Base.lproj/LaunchScreen.storyboard; sourceTree = "<group>"; };
		3187CE43244695A600FBF808 /* Info.plist */ = {isa = PBXFileReference; lastKnownFileType = text.plist.xml; path = Info.plist; sourceTree = "<group>"; };
		3187CE4D2446C46B00FBF808 /* TextFieldGroupView.swift */ = {isa = PBXFileReference; lastKnownFileType = sourcecode.swift; path = TextFieldGroupView.swift; sourceTree = "<group>"; };
		3187CE4F2446C4EE00FBF808 /* TextFieldGroupView.xib */ = {isa = PBXFileReference; lastKnownFileType = file.xib; path = TextFieldGroupView.xib; sourceTree = "<group>"; };
/* End PBXFileReference section */

/* Begin PBXFrameworksBuildPhase section */
		3187CE2F244695A400FBF808 /* Frameworks */ = {
			isa = PBXFrameworksBuildPhase;
			buildActionMask = 2147483647;
			files = (
			);
			runOnlyForDeploymentPostprocessing = 0;
		};
/* End PBXFrameworksBuildPhase section */

/* Begin PBXGroup section */
		3187CE29244695A400FBF808 = {
			isa = PBXGroup;
			children = (
				3187CE34244695A400FBF808 /* SampleApp20200415 */,
				3187CE33244695A400FBF808 /* Products */,
			);
			sourceTree = "<group>";
		};
		3187CE33244695A400FBF808 /* Products */ = {
			isa = PBXGroup;
			children = (
				3187CE32244695A400FBF808 /* SampleApp20200415.app */,
			);
			name = Products;
			sourceTree = "<group>";
		};
		3187CE34244695A400FBF808 /* SampleApp20200415 */ = {
			isa = PBXGroup;
			children = (
				3187CE4B2446C42700FBF808 /* Component */,
				3187CE4A2446C41A00FBF808 /* ViewController */,
				3187CE35244695A400FBF808 /* AppDelegate.swift */,
				3187CE37244695A400FBF808 /* SceneDelegate.swift */,
				3187CE3B244695A400FBF808 /* Main.storyboard */,
				3187CE3E244695A600FBF808 /* Assets.xcassets */,
				3187CE40244695A600FBF808 /* LaunchScreen.storyboard */,
				3187CE43244695A600FBF808 /* Info.plist */,
			);
			path = SampleApp20200415;
			sourceTree = "<group>";
		};
		3187CE4A2446C41A00FBF808 /* ViewController */ = {
			isa = PBXGroup;
			children = (
				3187CE39244695A400FBF808 /* SignInViewController.swift */,
			);
			name = ViewController;
			sourceTree = "<group>";
		};
		3187CE4B2446C42700FBF808 /* Component */ = {
			isa = PBXGroup;
			children = (
				3187CE4C2446C43900FBF808 /* TextFieldGroup */,
			);
			name = Component;
			sourceTree = "<group>";
		};
		3187CE4C2446C43900FBF808 /* TextFieldGroup */ = {
			isa = PBXGroup;
			children = (
				3187CE4D2446C46B00FBF808 /* TextFieldGroupView.swift */,
				3187CE4F2446C4EE00FBF808 /* TextFieldGroupView.xib */,
			);
			name = TextFieldGroup;
			sourceTree = "<group>";
		};
/* End PBXGroup section */

/* Begin PBXNativeTarget section */
		3187CE31244695A400FBF808 /* SampleApp20200415 */ = {
			isa = PBXNativeTarget;
			buildConfigurationList = 3187CE46244695A600FBF808 /* Build configuration list for PBXNativeTarget "SampleApp20200415" */;
			buildPhases = (
				3187CE2E244695A400FBF808 /* Sources */,
				3187CE2F244695A400FBF808 /* Frameworks */,
				3187CE30244695A400FBF808 /* Resources */,
			);
			buildRules = (
			);
			dependencies = (
			);
			name = SampleApp20200415;
			productName = SampleApp20200415;
			productReference = 3187CE32244695A400FBF808 /* SampleApp20200415.app */;
			productType = "com.apple.product-type.application";
		};
/* End PBXNativeTarget section */

/* Begin PBXProject section */
		3187CE2A244695A400FBF808 /* Project object */ = {
			isa = PBXProject;
			attributes = {
				LastSwiftUpdateCheck = 1140;
				LastUpgradeCheck = 1140;
				ORGANIZATIONNAME = "Neko Report";
				TargetAttributes = {
					3187CE31244695A400FBF808 = {
						CreatedOnToolsVersion = 11.4;
					};
				};
			};
			buildConfigurationList = 3187CE2D244695A400FBF808 /* Build configuration list for PBXProject "SampleApp20200415" */;
			compatibilityVersion = "Xcode 9.3";
			developmentRegion = en;
			hasScannedForEncodings = 0;
			knownRegions = (
				en,
				Base,
			);
			mainGroup = 3187CE29244695A400FBF808;
			productRefGroup = 3187CE33244695A400FBF808 /* Products */;
			projectDirPath = "";
			projectRoot = "";
			targets = (
				3187CE31244695A400FBF808 /* SampleApp20200415 */,
			);
		};
/* End PBXProject section */

/* Begin PBXResourcesBuildPhase section */
		3187CE30244695A400FBF808 /* Resources */ = {
			isa = PBXResourcesBuildPhase;
			buildActionMask = 2147483647;
			files = (
				3187CE502446C4EE00FBF808 /* TextFieldGroupView.xib in Resources */,
				3187CE42244695A600FBF808 /* LaunchScreen.storyboard in Resources */,
				3187CE3F244695A600FBF808 /* Assets.xcassets in Resources */,
				3187CE3D244695A400FBF808 /* Main.storyboard in Resources */,
			);
			runOnlyForDeploymentPostprocessing = 0;
		};
/* End PBXResourcesBuildPhase section */

/* Begin PBXSourcesBuildPhase section */
		3187CE2E244695A400FBF808 /* Sources */ = {
			isa = PBXSourcesBuildPhase;
			buildActionMask = 2147483647;
			files = (
				3187CE4E2446C46B00FBF808 /* TextFieldGroupView.swift in Sources */,
				3187CE3A244695A400FBF808 /* SignInViewController.swift in Sources */,
				3187CE36244695A400FBF808 /* AppDelegate.swift in Sources */,
				3187CE38244695A400FBF808 /* SceneDelegate.swift in Sources */,
			);
			runOnlyForDeploymentPostprocessing = 0;
		};
/* End PBXSourcesBuildPhase section */

/* Begin PBXVariantGroup section */
		3187CE3B244695A400FBF808 /* Main.storyboard */ = {
			isa = PBXVariantGroup;
			children = (
				3187CE3C244695A400FBF808 /* Base */,
			);
			name = Main.storyboard;
			sourceTree = "<group>";
		};
		3187CE40244695A600FBF808 /* LaunchScreen.storyboard */ = {
			isa = PBXVariantGroup;
			children = (
				3187CE41244695A600FBF808 /* Base */,
			);
			name = LaunchScreen.storyboard;
			sourceTree = "<group>";
		};
/* End PBXVariantGroup section */

/* Begin XCBuildConfiguration section */
		3187CE44244695A600FBF808 /* Debug */ = {
			isa = XCBuildConfiguration;
			buildSettings = {
				ALWAYS_SEARCH_USER_PATHS = NO;
				CLANG_ANALYZER_NONNULL = YES;
				CLANG_ANALYZER_NUMBER_OBJECT_CONVERSION = YES_AGGRESSIVE;
				CLANG_CXX_LANGUAGE_STANDARD = "gnu++14";
				CLANG_CXX_LIBRARY = "libc++";
				CLANG_ENABLE_MODULES = YES;
				CLANG_ENABLE_OBJC_ARC = YES;
				CLANG_ENABLE_OBJC_WEAK = YES;
				CLANG_WARN_BLOCK_CAPTURE_AUTORELEASING = YES;
				CLANG_WARN_BOOL_CONVERSION = YES;
				CLANG_WARN_COMMA = YES;
				CLANG_WARN_CONSTANT_CONVERSION = YES;
				CLANG_WARN_DEPRECATED_OBJC_IMPLEMENTATIONS = YES;
				CLANG_WARN_DIRECT_OBJC_ISA_USAGE = YES_ERROR;
				CLANG_WARN_DOCUMENTATION_COMMENTS = YES;
				CLANG_WARN_EMPTY_BODY = YES;
				CLANG_WARN_ENUM_CONVERSION = YES;
				CLANG_WARN_INFINITE_RECURSION = YES;
				CLANG_WARN_INT_CONVERSION = YES;
				CLANG_WARN_NON_LITERAL_NULL_CONVERSION = YES;
				CLANG_WARN_OBJC_IMPLICIT_RETAIN_SELF = YES;
				CLANG_WARN_OBJC_LITERAL_CONVERSION = YES;
				CLANG_WARN_OBJC_ROOT_CLASS = YES_ERROR;
				CLANG_WARN_RANGE_LOOP_ANALYSIS = YES;
				CLANG_WARN_STRICT_PROTOTYPES = YES;
				CLANG_WARN_SUSPICIOUS_MOVE = YES;
				CLANG_WARN_UNGUARDED_AVAILABILITY = YES_AGGRESSIVE;
				CLANG_WARN_UNREACHABLE_CODE = YES;
				CLANG_WARN__DUPLICATE_METHOD_MATCH = YES;
				COPY_PHASE_STRIP = NO;
				DEBUG_INFORMATION_FORMAT = dwarf;
				ENABLE_STRICT_OBJC_MSGSEND = YES;
				ENABLE_TESTABILITY = YES;
				GCC_C_LANGUAGE_STANDARD = gnu11;
				GCC_DYNAMIC_NO_PIC = NO;
				GCC_NO_COMMON_BLOCKS = YES;
				GCC_OPTIMIZATION_LEVEL = 0;
				GCC_PREPROCESSOR_DEFINITIONS = (
					"DEBUG=1",
					"$(inherited)",
				);
				GCC_WARN_64_TO_32_BIT_CONVERSION = YES;
				GCC_WARN_ABOUT_RETURN_TYPE = YES_ERROR;
				GCC_WARN_UNDECLARED_SELECTOR = YES;
				GCC_WARN_UNINITIALIZED_AUTOS = YES_AGGRESSIVE;
				GCC_WARN_UNUSED_FUNCTION = YES;
				GCC_WARN_UNUSED_VARIABLE = YES;
				IPHONEOS_DEPLOYMENT_TARGET = 13.4;
				MTL_ENABLE_DEBUG_INFO = INCLUDE_SOURCE;
				MTL_FAST_MATH = YES;
				ONLY_ACTIVE_ARCH = YES;
				SDKROOT = iphoneos;
				SWIFT_ACTIVE_COMPILATION_CONDITIONS = DEBUG;
				SWIFT_OPTIMIZATION_LEVEL = "-Onone";
			};
			name = Debug;
		};
		3187CE45244695A600FBF808 /* Release */ = {
			isa = XCBuildConfiguration;
			buildSettings = {
				ALWAYS_SEARCH_USER_PATHS = NO;
				CLANG_ANALYZER_NONNULL = YES;
				CLANG_ANALYZER_NUMBER_OBJECT_CONVERSION = YES_AGGRESSIVE;
				CLANG_CXX_LANGUAGE_STANDARD = "gnu++14";
				CLANG_CXX_LIBRARY = "libc++";
				CLANG_ENABLE_MODULES = YES;
				CLANG_ENABLE_OBJC_ARC = YES;
				CLANG_ENABLE_OBJC_WEAK = YES;
				CLANG_WARN_BLOCK_CAPTURE_AUTORELEASING = YES;
				CLANG_WARN_BOOL_CONVERSION = YES;
				CLANG_WARN_COMMA = YES;
				CLANG_WARN_CONSTANT_CONVERSION = YES;
				CLANG_WARN_DEPRECATED_OBJC_IMPLEMENTATIONS = YES;
				CLANG_WARN_DIRECT_OBJC_ISA_USAGE = YES_ERROR;
				CLANG_WARN_DOCUMENTATION_COMMENTS = YES;
				CLANG_WARN_EMPTY_BODY = YES;
				CLANG_WARN_ENUM_CONVERSION = YES;
				CLANG_WARN_INFINITE_RECURSION = YES;
				CLANG_WARN_INT_CONVERSION = YES;
				CLANG_WARN_NON_LITERAL_NULL_CONVERSION = YES;
				CLANG_WARN_OBJC_IMPLICIT_RETAIN_SELF = YES;
				CLANG_WARN_OBJC_LITERAL_CONVERSION = YES;
				CLANG_WARN_OBJC_ROOT_CLASS = YES_ERROR;
				CLANG_WARN_RANGE_LOOP_ANALYSIS = YES;
				CLANG_WARN_STRICT_PROTOTYPES = YES;
				CLANG_WARN_SUSPICIOUS_MOVE = YES;
				CLANG_WARN_UNGUARDED_AVAILABILITY = YES_AGGRESSIVE;
				CLANG_WARN_UNREACHABLE_CODE = YES;
				CLANG_WARN__DUPLICATE_METHOD_MATCH = YES;
				COPY_PHASE_STRIP = NO;
				DEBUG_INFORMATION_FORMAT = "dwarf-with-dsym";
				ENABLE_NS_ASSERTIONS = NO;
				ENABLE_STRICT_OBJC_MSGSEND = YES;
				GCC_C_LANGUAGE_STANDARD = gnu11;
				GCC_NO_COMMON_BLOCKS = YES;
				GCC_WARN_64_TO_32_BIT_CONVERSION = YES;
				GCC_WARN_ABOUT_RETURN_TYPE = YES_ERROR;
				GCC_WARN_UNDECLARED_SELECTOR = YES;
				GCC_WARN_UNINITIALIZED_AUTOS = YES_AGGRESSIVE;
				GCC_WARN_UNUSED_FUNCTION = YES;
				GCC_WARN_UNUSED_VARIABLE = YES;
				IPHONEOS_DEPLOYMENT_TARGET = 13.4;
				MTL_ENABLE_DEBUG_INFO = NO;
				MTL_FAST_MATH = YES;
				SDKROOT = iphoneos;
				SWIFT_COMPILATION_MODE = wholemodule;
				SWIFT_OPTIMIZATION_LEVEL = "-O";
				VALIDATE_PRODUCT = YES;
			};
			name = Release;
		};
		3187CE47244695A600FBF808 /* Debug */ = {
			isa = XCBuildConfiguration;
			buildSettings = {
				ASSETCATALOG_COMPILER_APPICON_NAME = AppIcon;
				CODE_SIGN_STYLE = Automatic;
				DEVELOPMENT_TEAM = SH38H8CA86;
				INFOPLIST_FILE = SampleApp20200415/Info.plist;
				LD_RUNPATH_SEARCH_PATHS = (
					"$(inherited)",
					"@executable_path/Frameworks",
				);
				PRODUCT_BUNDLE_IDENTIFIER = report.neko.SampleApp20200415;
				PRODUCT_NAME = "$(TARGET_NAME)";
				SWIFT_VERSION = 5.0;
				TARGETED_DEVICE_FAMILY = 1;
			};
			name = Debug;
		};
		3187CE48244695A600FBF808 /* Release */ = {
			isa = XCBuildConfiguration;
			buildSettings = {
				ASSETCATALOG_COMPILER_APPICON_NAME = AppIcon;
				CODE_SIGN_STYLE = Automatic;
				DEVELOPMENT_TEAM = SH38H8CA86;
				INFOPLIST_FILE = SampleApp20200415/Info.plist;
				LD_RUNPATH_SEARCH_PATHS = (
					"$(inherited)",
					"@executable_path/Frameworks",
				);
				PRODUCT_BUNDLE_IDENTIFIER = report.neko.SampleApp20200415;
				PRODUCT_NAME = "$(TARGET_NAME)";
				SWIFT_VERSION = 5.0;
				TARGETED_DEVICE_FAMILY = 1;
			};
			name = Release;
		};
/* End XCBuildConfiguration section */

/* Begin XCConfigurationList section */
		3187CE2D244695A400FBF808 /* Build configuration list for PBXProject "SampleApp20200415" */ = {
			isa = XCConfigurationList;
			buildConfigurations = (
				3187CE44244695A600FBF808 /* Debug */,
				3187CE45244695A600FBF808 /* Release */,
			);
			defaultConfigurationIsVisible = 0;
			defaultConfigurationName = Release;
		};
		3187CE46244695A600FBF808 /* Build configuration list for PBXNativeTarget "SampleApp20200415" */ = {
			isa = XCConfigurationList;
			buildConfigurations = (
				3187CE47244695A600FBF808 /* Debug */,
				3187CE48244695A600FBF808 /* Release */,
			);
			defaultConfigurationIsVisible = 0;
			defaultConfigurationName = Release;
		};
/* End XCConfigurationList section */
	};
	rootObject = 3187CE2A244695A400FBF808 /* Project object */;
}
